
Microsoft Visual Studio Solution File, Format Version 12.00
# Visual Studio Version 17
VisualStudioVersion = 17.5.002.0
MinimumVisualStudioVersion = 10.0.40219.1
Project("{9A19103F-16F7-4668-BE54-9A1E7A4F7556}") = "dotnet_backend", "dotnet_backend\dotnet_backend.csproj", "{72C7C34F-EF28-4107-A2CD-18DF067CB6DE}"
EndProject
Global
	GlobalSection(SolutionConfigurationPlatforms) = preSolution
		Debug|Any CPU = Debug|Any CPU
		Release|Any CPU = Release|Any CPU
	EndGlobalSection
	GlobalSection(ProjectConfigurationPlatforms) = postSolution
		{72C7C34F-EF28-4107-A2CD-18DF067CB6DE}.Debug|Any CPU.ActiveCfg = Debug|Any CPU
		{72C7C34F-EF28-4107-A2CD-18DF067CB6DE}.Debug|Any CPU.Build.0 = Debug|Any CPU
		{72C7C34F-EF28-4107-A2CD-18DF067CB6DE}.Release|Any CPU.ActiveCfg = Release|Any CPU
		{72C7C34F-EF28-4107-A2CD-18DF067CB6DE}.Release|Any CPU.Build.0 = Release|Any CPU
	EndGlobalSection
	GlobalSection(SolutionProperties) = preSolution
		HideSolutionNode = FALSE
	EndGlobalSection
	GlobalSection(ExtensibilityGlobals) = postSolution
		SolutionGuid = {B9CE2D57-5304-4D74-BE6E-0062A4B83530}
	EndGlobalSection
EndGlobal
